{
  "pins" : [
    {
      "identity" : "groceryappshared",
      "kind" : "remoteSourceControl",
      "location" : "https://github.com/azamsharp/GroceryAppShared.git",
      "state" : {
        "branch" : "main",
        "revision" : "052e2137bab295ad541769873ae247f41fce7c20"
      }
    }
  ],
  "version" : 2
}
