{
  "pins" : [
    {
      "identity" : "groceryappshared",
      "kind" : "remoteSourceControl",
      "location" : "https://github.com/azamsharp/GroceryAppShared.git",
      "state" : {
        "branch" : "main",
        "revision" : "38d24de7713a3f1ed7fc3ad052d6a087f8f99566"
      }
    }
  ],
  "version" : 2
}
