// !$*UTF8*$!
{
	archiveVersion = 1;
	classes = {
	};
	objectVersion = 56;
	objects = {

/* Begin PBXBuildFile section */
		348620EA29F8466100321D6A /* GroceryCategoryListScreen.swift in Sources */ = {isa = PBXBuildFile; fileRef = 348620E929F8466100321D6A /* GroceryCategoryListScreen.swift */; };
		348620EC29F9591400321D6A /* AddGroceryCategoryScreen.swift in Sources */ = {isa = PBXBuildFile; fileRef = 348620EB29F9591400321D6A /* AddGroceryCategoryScreen.swift */; };
		348620EF29F95BAF00321D6A /* GroceryCategory.swift in Sources */ = {isa = PBXBuildFile; fileRef = 348620EE29F95BAF00321D6A /* GroceryCategory.swift */; };
		8D8B7FDD29FC3C3B00A4BC78 /* Color+Extensions.swift in Sources */ = {isa = PBXBuildFile; fileRef = 8D8B7FDC29FC3C3B00A4BC78 /* Color+Extensions.swift */; };
		8D8B7FDF29FC3F8200A4BC78 /* GroceryCategoryRequest.swift in Sources */ = {isa = PBXBuildFile; fileRef = 8D8B7FDE29FC3F8200A4BC78 /* GroceryCategoryRequest.swift */; };
		8D8B7FE129FC422D00A4BC78 /* ColorSelector.swift in Sources */ = {isa = PBXBuildFile; fileRef = 8D8B7FE029FC422D00A4BC78 /* ColorSelector.swift */; };
		8DD94AD729F56A8700232EBF /* GroceryAppClientApp.swift in Sources */ = {isa = PBXBuildFile; fileRef = 8DD94AD629F56A8700232EBF /* GroceryAppClientApp.swift */; };
		8DD94AD929F56A8700232EBF /* ContentView.swift in Sources */ = {isa = PBXBuildFile; fileRef = 8DD94AD829F56A8700232EBF /* ContentView.swift */; };
		8DD94ADB29F56A8800232EBF /* Assets.xcassets in Resources */ = {isa = PBXBuildFile; fileRef = 8DD94ADA29F56A8800232EBF /* Assets.xcassets */; };
		8DD94ADE29F56A8800232EBF /* Preview Assets.xcassets in Resources */ = {isa = PBXBuildFile; fileRef = 8DD94ADD29F56A8800232EBF /* Preview Assets.xcassets */; };
		8DD94AE629F5716900232EBF /* RegistrationScreen.swift in Sources */ = {isa = PBXBuildFile; fileRef = 8DD94AE529F5716900232EBF /* RegistrationScreen.swift */; };
		8DD94AE929F574AE00232EBF /* String+Extensions.swift in Sources */ = {isa = PBXBuildFile; fileRef = 8DD94AE829F574AE00232EBF /* String+Extensions.swift */; };
		8DD94AEC29F579A700232EBF /* GroceryModel.swift in Sources */ = {isa = PBXBuildFile; fileRef = 8DD94AEB29F579A700232EBF /* GroceryModel.swift */; };
		8DD94AF129F5F05000232EBF /* HTTPClient.swift in Sources */ = {isa = PBXBuildFile; fileRef = 8DD94AF029F5F05000232EBF /* HTTPClient.swift */; };
		8DD94AF429F5F15700232EBF /* Constants.swift in Sources */ = {isa = PBXBuildFile; fileRef = 8DD94AF329F5F15700232EBF /* Constants.swift */; };
		8DD94AFB29F703C000232EBF /* AppState.swift in Sources */ = {isa = PBXBuildFile; fileRef = 8DD94AFA29F703C000232EBF /* AppState.swift */; };
		8DD94B1A29F71A7B00232EBF /* LoginScreen.swift in Sources */ = {isa = PBXBuildFile; fileRef = 8DD94B1929F71A7B00232EBF /* LoginScreen.swift */; };
		8DD94B1C29F71CE600232EBF /* LoginResponse.swift in Sources */ = {isa = PBXBuildFile; fileRef = 8DD94B1B29F71CE600232EBF /* LoginResponse.swift */; };
		8DE9A4D629FE1CC200930ACB /* GroceryDetailScreen.swift in Sources */ = {isa = PBXBuildFile; fileRef = 8DE9A4D529FE1CC200930ACB /* GroceryDetailScreen.swift */; };
		8DE9A4D829FE215500930ACB /* UserDefaults+Extensions.swift in Sources */ = {isa = PBXBuildFile; fileRef = 8DE9A4D729FE215500930ACB /* UserDefaults+Extensions.swift */; };
		8DE9A4DA29FE9CA700930ACB /* AddGroceryItemScreen.swift in Sources */ = {isa = PBXBuildFile; fileRef = 8DE9A4D929FE9CA700930ACB /* AddGroceryItemScreen.swift */; };
		8DE9A4DC2A004ABF00930ACB /* GroceryItem.swift in Sources */ = {isa = PBXBuildFile; fileRef = 8DE9A4DB2A004ABF00930ACB /* GroceryItem.swift */; };
		8DE9A4DE2A00556900930ACB /* GroceryItemListView.swift in Sources */ = {isa = PBXBuildFile; fileRef = 8DE9A4DD2A00556900930ACB /* GroceryItemListView.swift */; };
/* End PBXBuildFile section */

/* Begin PBXCopyFilesBuildPhase section */
		8DD94B3C29F72E0800232EBF /* Embed Frameworks */ = {
			isa = PBXCopyFilesBuildPhase;
			buildActionMask = 2147483647;
			dstPath = "";
			dstSubfolderSpec = 10;
			files = (
			);
			name = "Embed Frameworks";
			runOnlyForDeploymentPostprocessing = 0;
		};
/* End PBXCopyFilesBuildPhase section */

/* Begin PBXFileReference section */
		348620E929F8466100321D6A /* GroceryCategoryListScreen.swift */ = {isa = PBXFileReference; lastKnownFileType = sourcecode.swift; path = GroceryCategoryListScreen.swift; sourceTree = "<group>"; };
		348620EB29F9591400321D6A /* AddGroceryCategoryScreen.swift */ = {isa = PBXFileReference; lastKnownFileType = sourcecode.swift; path = AddGroceryCategoryScreen.swift; sourceTree = "<group>"; };
		348620EE29F95BAF00321D6A /* GroceryCategory.swift */ = {isa = PBXFileReference; lastKnownFileType = sourcecode.swift; path = GroceryCategory.swift; sourceTree = "<group>"; };
		8D8B7FDC29FC3C3B00A4BC78 /* Color+Extensions.swift */ = {isa = PBXFileReference; lastKnownFileType = sourcecode.swift; path = "Color+Extensions.swift"; sourceTree = "<group>"; };
		8D8B7FDE29FC3F8200A4BC78 /* GroceryCategoryRequest.swift */ = {isa = PBXFileReference; lastKnownFileType = sourcecode.swift; path = GroceryCategoryRequest.swift; sourceTree = "<group>"; };
		8D8B7FE029FC422D00A4BC78 /* ColorSelector.swift */ = {isa = PBXFileReference; lastKnownFileType = sourcecode.swift; name = ColorSelector.swift; path = GroceryAppClient/Models/ColorSelector.swift; sourceTree = SOURCE_ROOT; };
		8DD94AD329F56A8700232EBF /* GroceryAppClient.app */ = {isa = PBXFileReference; explicitFileType = wrapper.application; includeInIndex = 0; path = GroceryAppClient.app; sourceTree = BUILT_PRODUCTS_DIR; };
		8DD94AD629F56A8700232EBF /* GroceryAppClientApp.swift */ = {isa = PBXFileReference; lastKnownFileType = sourcecode.swift; path = GroceryAppClientApp.swift; sourceTree = "<group>"; };
		8DD94AD829F56A8700232EBF /* ContentView.swift */ = {isa = PBXFileReference; lastKnownFileType = sourcecode.swift; path = ContentView.swift; sourceTree = "<group>"; };
		8DD94ADA29F56A8800232EBF /* Assets.xcassets */ = {isa = PBXFileReference; lastKnownFileType = folder.assetcatalog; path = Assets.xcassets; sourceTree = "<group>"; };
		8DD94ADD29F56A8800232EBF /* Preview Assets.xcassets */ = {isa = PBXFileReference; lastKnownFileType = folder.assetcatalog; path = "Preview Assets.xcassets"; sourceTree = "<group>"; };
		8DD94AE529F5716900232EBF /* RegistrationScreen.swift */ = {isa = PBXFileReference; lastKnownFileType = sourcecode.swift; path = RegistrationScreen.swift; sourceTree = "<group>"; };
		8DD94AE829F574AE00232EBF /* String+Extensions.swift */ = {isa = PBXFileReference; lastKnownFileType = sourcecode.swift; path = "String+Extensions.swift"; sourceTree = "<group>"; };
		8DD94AEB29F579A700232EBF /* GroceryModel.swift */ = {isa = PBXFileReference; lastKnownFileType = sourcecode.swift; path = GroceryModel.swift; sourceTree = "<group>"; };
		8DD94AF029F5F05000232EBF /* HTTPClient.swift */ = {isa = PBXFileReference; lastKnownFileType = sourcecode.swift; path = HTTPClient.swift; sourceTree = "<group>"; };
		8DD94AF329F5F15700232EBF /* Constants.swift */ = {isa = PBXFileReference; lastKnownFileType = sourcecode.swift; path = Constants.swift; sourceTree = "<group>"; };
		8DD94AF929F700E500232EBF /* Info.plist */ = {isa = PBXFileReference; lastKnownFileType = text.plist; path = Info.plist; sourceTree = "<group>"; };
		8DD94AFA29F703C000232EBF /* AppState.swift */ = {isa = PBXFileReference; lastKnownFileType = sourcecode.swift; path = AppState.swift; sourceTree = "<group>"; };
		8DD94B1929F71A7B00232EBF /* LoginScreen.swift */ = {isa = PBXFileReference; lastKnownFileType = sourcecode.swift; path = LoginScreen.swift; sourceTree = "<group>"; };
		8DD94B1B29F71CE600232EBF /* LoginResponse.swift */ = {isa = PBXFileReference; lastKnownFileType = sourcecode.swift; path = LoginResponse.swift; sourceTree = "<group>"; };
		8DE9A4D529FE1CC200930ACB /* GroceryDetailScreen.swift */ = {isa = PBXFileReference; lastKnownFileType = sourcecode.swift; path = GroceryDetailScreen.swift; sourceTree = "<group>"; };
		8DE9A4D729FE215500930ACB /* UserDefaults+Extensions.swift */ = {isa = PBXFileReference; lastKnownFileType = sourcecode.swift; path = "UserDefaults+Extensions.swift"; sourceTree = "<group>"; };
		8DE9A4D929FE9CA700930ACB /* AddGroceryItemScreen.swift */ = {isa = PBXFileReference; lastKnownFileType = sourcecode.swift; path = AddGroceryItemScreen.swift; sourceTree = "<group>"; };
		8DE9A4DB2A004ABF00930ACB /* GroceryItem.swift */ = {isa = PBXFileReference; lastKnownFileType = sourcecode.swift; path = GroceryItem.swift; sourceTree = "<group>"; };
		8DE9A4DD2A00556900930ACB /* GroceryItemListView.swift */ = {isa = PBXFileReference; lastKnownFileType = sourcecode.swift; name = GroceryItemListView.swift; path = GroceryAppClient/Models/GroceryItemListView.swift; sourceTree = SOURCE_ROOT; };
/* End PBXFileReference section */

/* Begin PBXFrameworksBuildPhase section */
		8DD94AD029F56A8700232EBF /* Frameworks */ = {
			isa = PBXFrameworksBuildPhase;
			buildActionMask = 2147483647;
			files = (
			);
			runOnlyForDeploymentPostprocessing = 0;
		};
/* End PBXFrameworksBuildPhase section */

/* Begin PBXGroup section */
		348620ED29F9597300321D6A /* Views */ = {
			isa = PBXGroup;
			children = (
				8D8B7FE029FC422D00A4BC78 /* ColorSelector.swift */,
				8DE9A4DD2A00556900930ACB /* GroceryItemListView.swift */,
			);
			path = Views;
			sourceTree = "<group>";
		};
		8DD94ACA29F56A8600232EBF = {
			isa = PBXGroup;
			children = (
				8DD94AD529F56A8700232EBF /* GroceryAppClient */,
				8DD94AD429F56A8700232EBF /* Products */,
				8DD94B3929F72E0800232EBF /* Frameworks */,
			);
			sourceTree = "<group>";
		};
		8DD94AD429F56A8700232EBF /* Products */ = {
			isa = PBXGroup;
			children = (
				8DD94AD329F56A8700232EBF /* GroceryAppClient.app */,
			);
			name = Products;
			sourceTree = "<group>";
		};
		8DD94AD529F56A8700232EBF /* GroceryAppClient */ = {
			isa = PBXGroup;
			children = (
				348620ED29F9597300321D6A /* Views */,
				8DD94AF929F700E500232EBF /* Info.plist */,
				8DD94AF229F5F14C00232EBF /* Utils */,
				8DD94AEF29F5F03500232EBF /* Clients */,
				8DD94AEA29F5799300232EBF /* Models */,
				8DD94AE729F574A100232EBF /* Extensions */,
				8DD94AE429F56AB000232EBF /* Screens */,
				8DD94AD629F56A8700232EBF /* GroceryAppClientApp.swift */,
				8DD94AD829F56A8700232EBF /* ContentView.swift */,
				8DD94ADA29F56A8800232EBF /* Assets.xcassets */,
				8DD94ADC29F56A8800232EBF /* Preview Content */,
			);
			path = GroceryAppClient;
			sourceTree = "<group>";
		};
		8DD94ADC29F56A8800232EBF /* Preview Content */ = {
			isa = PBXGroup;
			children = (
				8DD94ADD29F56A8800232EBF /* Preview Assets.xcassets */,
			);
			path = "Preview Content";
			sourceTree = "<group>";
		};
		8DD94AE429F56AB000232EBF /* Screens */ = {
			isa = PBXGroup;
			children = (
				8DD94AE529F5716900232EBF /* RegistrationScreen.swift */,
				8DD94B1929F71A7B00232EBF /* LoginScreen.swift */,
				348620E929F8466100321D6A /* GroceryCategoryListScreen.swift */,
				348620EB29F9591400321D6A /* AddGroceryCategoryScreen.swift */,
				8DE9A4D529FE1CC200930ACB /* GroceryDetailScreen.swift */,
				8DE9A4D929FE9CA700930ACB /* AddGroceryItemScreen.swift */,
			);
			path = Screens;
			sourceTree = "<group>";
		};
		8DD94AE729F574A100232EBF /* Extensions */ = {
			isa = PBXGroup;
			children = (
				8DD94AE829F574AE00232EBF /* String+Extensions.swift */,
				8D8B7FDC29FC3C3B00A4BC78 /* Color+Extensions.swift */,
				8DE9A4D729FE215500930ACB /* UserDefaults+Extensions.swift */,
			);
			path = Extensions;
			sourceTree = "<group>";
		};
		8DD94AEA29F5799300232EBF /* Models */ = {
			isa = PBXGroup;
			children = (
				8DD94AEB29F579A700232EBF /* GroceryModel.swift */,
				8DD94AFA29F703C000232EBF /* AppState.swift */,
				8DD94B1B29F71CE600232EBF /* LoginResponse.swift */,
				348620EE29F95BAF00321D6A /* GroceryCategory.swift */,
				8D8B7FDE29FC3F8200A4BC78 /* GroceryCategoryRequest.swift */,
				8DE9A4DB2A004ABF00930ACB /* GroceryItem.swift */,
			);
			path = Models;
			sourceTree = "<group>";
		};
		8DD94AEF29F5F03500232EBF /* Clients */ = {
			isa = PBXGroup;
			children = (
				8DD94AF029F5F05000232EBF /* HTTPClient.swift */,
			);
			path = Clients;
			sourceTree = "<group>";
		};
		8DD94AF229F5F14C00232EBF /* Utils */ = {
			isa = PBXGroup;
			children = (
				8DD94AF329F5F15700232EBF /* Constants.swift */,
			);
			path = Utils;
			sourceTree = "<group>";
		};
		8DD94B3929F72E0800232EBF /* Frameworks */ = {
			isa = PBXGroup;
			children = (
			);
			name = Frameworks;
			sourceTree = "<group>";
		};
/* End PBXGroup section */

/* Begin PBXNativeTarget section */
		8DD94AD229F56A8700232EBF /* GroceryAppClient */ = {
			isa = PBXNativeTarget;
			buildConfigurationList = 8DD94AE129F56A8800232EBF /* Build configuration list for PBXNativeTarget "GroceryAppClient" */;
			buildPhases = (
				8DD94ACF29F56A8700232EBF /* Sources */,
				8DD94AD029F56A8700232EBF /* Frameworks */,
				8DD94AD129F56A8700232EBF /* Resources */,
				8DD94B3C29F72E0800232EBF /* Embed Frameworks */,
			);
			buildRules = (
			);
			dependencies = (
			);
			name = GroceryAppClient;
			productName = GroceryAppClient;
			productReference = 8DD94AD329F56A8700232EBF /* GroceryAppClient.app */;
			productType = "com.apple.product-type.application";
		};
/* End PBXNativeTarget section */

/* Begin PBXProject section */
		8DD94ACB29F56A8600232EBF /* Project object */ = {
			isa = PBXProject;
			attributes = {
				BuildIndependentTargetsInParallel = 1;
				LastSwiftUpdateCheck = 1420;
				LastUpgradeCheck = 1420;
				TargetAttributes = {
					8DD94AD229F56A8700232EBF = {
						CreatedOnToolsVersion = 14.2;
					};
				};
			};
			buildConfigurationList = 8DD94ACE29F56A8700232EBF /* Build configuration list for PBXProject "GroceryAppClient" */;
			compatibilityVersion = "Xcode 14.0";
			developmentRegion = en;
			hasScannedForEncodings = 0;
			knownRegions = (
				en,
				Base,
			);
			mainGroup = 8DD94ACA29F56A8600232EBF;
			productRefGroup = 8DD94AD429F56A8700232EBF /* Products */;
			projectDirPath = "";
			projectRoot = "";
			targets = (
				8DD94AD229F56A8700232EBF /* GroceryAppClient */,
			);
		};
/* End PBXProject section */

/* Begin PBXResourcesBuildPhase section */
		8DD94AD129F56A8700232EBF /* Resources */ = {
			isa = PBXResourcesBuildPhase;
			buildActionMask = 2147483647;
			files = (
				8DD94ADE29F56A8800232EBF /* Preview Assets.xcassets in Resources */,
				8DD94ADB29F56A8800232EBF /* Assets.xcassets in Resources */,
			);
			runOnlyForDeploymentPostprocessing = 0;
		};
/* End PBXResourcesBuildPhase section */

/* Begin PBXSourcesBuildPhase section */
		8DD94ACF29F56A8700232EBF /* Sources */ = {
			isa = PBXSourcesBuildPhase;
			buildActionMask = 2147483647;
			files = (
				8DE9A4D629FE1CC200930ACB /* GroceryDetailScreen.swift in Sources */,
				348620EC29F9591400321D6A /* AddGroceryCategoryScreen.swift in Sources */,
				8DD94AE929F574AE00232EBF /* String+Extensions.swift in Sources */,
				348620EA29F8466100321D6A /* GroceryCategoryListScreen.swift in Sources */,
				8DD94AFB29F703C000232EBF /* AppState.swift in Sources */,
				8DD94B1C29F71CE600232EBF /* LoginResponse.swift in Sources */,
				8D8B7FDD29FC3C3B00A4BC78 /* Color+Extensions.swift in Sources */,
				8DD94AEC29F579A700232EBF /* GroceryModel.swift in Sources */,
				8DD94AF129F5F05000232EBF /* HTTPClient.swift in Sources */,
				348620EF29F95BAF00321D6A /* GroceryCategory.swift in Sources */,
				8DE9A4D829FE215500930ACB /* UserDefaults+Extensions.swift in Sources */,
				8D8B7FDF29FC3F8200A4BC78 /* GroceryCategoryRequest.swift in Sources */,
				8DD94AE629F5716900232EBF /* RegistrationScreen.swift in Sources */,
				8DD94AF429F5F15700232EBF /* Constants.swift in Sources */,
				8DD94AD929F56A8700232EBF /* ContentView.swift in Sources */,
				8D8B7FE129FC422D00A4BC78 /* ColorSelector.swift in Sources */,
				8DD94AD729F56A8700232EBF /* GroceryAppClientApp.swift in Sources */,
				8DE9A4DE2A00556900930ACB /* GroceryItemListView.swift in Sources */,
				8DE9A4DA29FE9CA700930ACB /* AddGroceryItemScreen.swift in Sources */,
				8DE9A4DC2A004ABF00930ACB /* GroceryItem.swift in Sources */,
				8DD94B1A29F71A7B00232EBF /* LoginScreen.swift in Sources */,
			);
			runOnlyForDeploymentPostprocessing = 0;
		};
/* End PBXSourcesBuildPhase section */

/* Begin XCBuildConfiguration section */
		8DD94ADF29F56A8800232EBF /* Debug */ = {
			isa = XCBuildConfiguration;
			buildSettings = {
				ALWAYS_SEARCH_USER_PATHS = NO;
				CLANG_ANALYZER_NONNULL = YES;
				CLANG_ANALYZER_NUMBER_OBJECT_CONVERSION = YES_AGGRESSIVE;
				CLANG_CXX_LANGUAGE_STANDARD = "gnu++20";
				CLANG_ENABLE_MODULES = YES;
				CLANG_ENABLE_OBJC_ARC = YES;
				CLANG_ENABLE_OBJC_WEAK = YES;
				CLANG_WARN_BLOCK_CAPTURE_AUTORELEASING = YES;
				CLANG_WARN_BOOL_CONVERSION = YES;
				CLANG_WARN_COMMA = YES;
				CLANG_WARN_CONSTANT_CONVERSION = YES;
				CLANG_WARN_DEPRECATED_OBJC_IMPLEMENTATIONS = YES;
				CLANG_WARN_DIRECT_OBJC_ISA_USAGE = YES_ERROR;
				CLANG_WARN_DOCUMENTATION_COMMENTS = YES;
				CLANG_WARN_EMPTY_BODY = YES;
				CLANG_WARN_ENUM_CONVERSION = YES;
				CLANG_WARN_INFINITE_RECURSION = YES;
				CLANG_WARN_INT_CONVERSION = YES;
				CLANG_WARN_NON_LITERAL_NULL_CONVERSION = YES;
				CLANG_WARN_OBJC_IMPLICIT_RETAIN_SELF = YES;
				CLANG_WARN_OBJC_LITERAL_CONVERSION = YES;
				CLANG_WARN_OBJC_ROOT_CLASS = YES_ERROR;
				CLANG_WARN_QUOTED_INCLUDE_IN_FRAMEWORK_HEADER = YES;
				CLANG_WARN_RANGE_LOOP_ANALYSIS = YES;
				CLANG_WARN_STRICT_PROTOTYPES = YES;
				CLANG_WARN_SUSPICIOUS_MOVE = YES;
				CLANG_WARN_UNGUARDED_AVAILABILITY = YES_AGGRESSIVE;
				CLANG_WARN_UNREACHABLE_CODE = YES;
				CLANG_WARN__DUPLICATE_METHOD_MATCH = YES;
				COPY_PHASE_STRIP = NO;
				DEBUG_INFORMATION_FORMAT = dwarf;
				ENABLE_STRICT_OBJC_MSGSEND = YES;
				ENABLE_TESTABILITY = YES;
				GCC_C_LANGUAGE_STANDARD = gnu11;
				GCC_DYNAMIC_NO_PIC = NO;
				GCC_NO_COMMON_BLOCKS = YES;
				GCC_OPTIMIZATION_LEVEL = 0;
				GCC_PREPROCESSOR_DEFINITIONS = (
					"DEBUG=1",
					"$(inherited)",
				);
				GCC_WARN_64_TO_32_BIT_CONVERSION = YES;
				GCC_WARN_ABOUT_RETURN_TYPE = YES_ERROR;
				GCC_WARN_UNDECLARED_SELECTOR = YES;
				GCC_WARN_UNINITIALIZED_AUTOS = YES_AGGRESSIVE;
				GCC_WARN_UNUSED_FUNCTION = YES;
				GCC_WARN_UNUSED_VARIABLE = YES;
				IPHONEOS_DEPLOYMENT_TARGET = 16.2;
				MTL_ENABLE_DEBUG_INFO = INCLUDE_SOURCE;
				MTL_FAST_MATH = YES;
				ONLY_ACTIVE_ARCH = YES;
				SDKROOT = iphoneos;
				SWIFT_ACTIVE_COMPILATION_CONDITIONS = DEBUG;
				SWIFT_OPTIMIZATION_LEVEL = "-Onone";
			};
			name = Debug;
		};
		8DD94AE029F56A8800232EBF /* Release */ = {
			isa = XCBuildConfiguration;
			buildSettings = {
				ALWAYS_SEARCH_USER_PATHS = NO;
				CLANG_ANALYZER_NONNULL = YES;
				CLANG_ANALYZER_NUMBER_OBJECT_CONVERSION = YES_AGGRESSIVE;
				CLANG_CXX_LANGUAGE_STANDARD = "gnu++20";
				CLANG_ENABLE_MODULES = YES;
				CLANG_ENABLE_OBJC_ARC = YES;
				CLANG_ENABLE_OBJC_WEAK = YES;
				CLANG_WARN_BLOCK_CAPTURE_AUTORELEASING = YES;
				CLANG_WARN_BOOL_CONVERSION = YES;
				CLANG_WARN_COMMA = YES;
				CLANG_WARN_CONSTANT_CONVERSION = YES;
				CLANG_WARN_DEPRECATED_OBJC_IMPLEMENTATIONS = YES;
				CLANG_WARN_DIRECT_OBJC_ISA_USAGE = YES_ERROR;
				CLANG_WARN_DOCUMENTATION_COMMENTS = YES;
				CLANG_WARN_EMPTY_BODY = YES;
				CLANG_WARN_ENUM_CONVERSION = YES;
				CLANG_WARN_INFINITE_RECURSION = YES;
				CLANG_WARN_INT_CONVERSION = YES;
				CLANG_WARN_NON_LITERAL_NULL_CONVERSION = YES;
				CLANG_WARN_OBJC_IMPLICIT_RETAIN_SELF = YES;
				CLANG_WARN_OBJC_LITERAL_CONVERSION = YES;
				CLANG_WARN_OBJC_ROOT_CLASS = YES_ERROR;
				CLANG_WARN_QUOTED_INCLUDE_IN_FRAMEWORK_HEADER = YES;
				CLANG_WARN_RANGE_LOOP_ANALYSIS = YES;
				CLANG_WARN_STRICT_PROTOTYPES = YES;
				CLANG_WARN_SUSPICIOUS_MOVE = YES;
				CLANG_WARN_UNGUARDED_AVAILABILITY = YES_AGGRESSIVE;
				CLANG_WARN_UNREACHABLE_CODE = YES;
				CLANG_WARN__DUPLICATE_METHOD_MATCH = YES;
				COPY_PHASE_STRIP = NO;
				DEBUG_INFORMATION_FORMAT = "dwarf-with-dsym";
				ENABLE_NS_ASSERTIONS = NO;
				ENABLE_STRICT_OBJC_MSGSEND = YES;
				GCC_C_LANGUAGE_STANDARD = gnu11;
				GCC_NO_COMMON_BLOCKS = YES;
				GCC_WARN_64_TO_32_BIT_CONVERSION = YES;
				GCC_WARN_ABOUT_RETURN_TYPE = YES_ERROR;
				GCC_WARN_UNDECLARED_SELECTOR = YES;
				GCC_WARN_UNINITIALIZED_AUTOS = YES_AGGRESSIVE;
				GCC_WARN_UNUSED_FUNCTION = YES;
				GCC_WARN_UNUSED_VARIABLE = YES;
				IPHONEOS_DEPLOYMENT_TARGET = 16.2;
				MTL_ENABLE_DEBUG_INFO = NO;
				MTL_FAST_MATH = YES;
				SDKROOT = iphoneos;
				SWIFT_COMPILATION_MODE = wholemodule;
				SWIFT_OPTIMIZATION_LEVEL = "-O";
				VALIDATE_PRODUCT = YES;
			};
			name = Release;
		};
		8DD94AE229F56A8800232EBF /* Debug */ = {
			isa = XCBuildConfiguration;
			buildSettings = {
				ASSETCATALOG_COMPILER_APPICON_NAME = AppIcon;
				ASSETCATALOG_COMPILER_GLOBAL_ACCENT_COLOR_NAME = AccentColor;
				CODE_SIGN_STYLE = Automatic;
				CURRENT_PROJECT_VERSION = 1;
				DEVELOPMENT_ASSET_PATHS = "\"GroceryAppClient/Preview Content\"";
				DEVELOPMENT_TEAM = B2Q8EGNCQA;
				ENABLE_PREVIEWS = YES;
				GENERATE_INFOPLIST_FILE = YES;
				INFOPLIST_FILE = GroceryAppClient/Info.plist;
				INFOPLIST_KEY_UIApplicationSupportsIndirectInputEvents = YES;
				INFOPLIST_KEY_UILaunchScreen_Generation = YES;
				INFOPLIST_KEY_UISupportedInterfaceOrientations_iPad = "UIInterfaceOrientationPortrait UIInterfaceOrientationPortraitUpsideDown UIInterfaceOrientationLandscapeLeft UIInterfaceOrientationLandscapeRight";
				INFOPLIST_KEY_UISupportedInterfaceOrientations_iPhone = "UIInterfaceOrientationPortrait UIInterfaceOrientationLandscapeLeft UIInterfaceOrientationLandscapeRight";
				LD_RUNPATH_SEARCH_PATHS = (
					"$(inherited)",
					"@executable_path/Frameworks",
				);
				MARKETING_VERSION = 1.0;
				PRODUCT_BUNDLE_IDENTIFIER = com.azamsharp.GroceryAppClient;
				PRODUCT_NAME = "$(TARGET_NAME)";
				SWIFT_EMIT_LOC_STRINGS = YES;
				SWIFT_VERSION = 5.0;
				TARGETED_DEVICE_FAMILY = "1,2";
			};
			name = Debug;
		};
		8DD94AE329F56A8800232EBF /* Release */ = {
			isa = XCBuildConfiguration;
			buildSettings = {
				ASSETCATALOG_COMPILER_APPICON_NAME = AppIcon;
				ASSETCATALOG_COMPILER_GLOBAL_ACCENT_COLOR_NAME = AccentColor;
				CODE_SIGN_STYLE = Automatic;
				CURRENT_PROJECT_VERSION = 1;
				DEVELOPMENT_ASSET_PATHS = "\"GroceryAppClient/Preview Content\"";
				DEVELOPMENT_TEAM = B2Q8EGNCQA;
				ENABLE_PREVIEWS = YES;
				GENERATE_INFOPLIST_FILE = YES;
				INFOPLIST_FILE = GroceryAppClient/Info.plist;
				INFOPLIST_KEY_UIApplicationSupportsIndirectInputEvents = YES;
				INFOPLIST_KEY_UILaunchScreen_Generation = YES;
				INFOPLIST_KEY_UISupportedInterfaceOrientations_iPad = "UIInterfaceOrientationPortrait UIInterfaceOrientationPortraitUpsideDown UIInterfaceOrientationLandscapeLeft UIInterfaceOrientationLandscapeRight";
				INFOPLIST_KEY_UISupportedInterfaceOrientations_iPhone = "UIInterfaceOrientationPortrait UIInterfaceOrientationLandscapeLeft UIInterfaceOrientationLandscapeRight";
				LD_RUNPATH_SEARCH_PATHS = (
					"$(inherited)",
					"@executable_path/Frameworks",
				);
				MARKETING_VERSION = 1.0;
				PRODUCT_BUNDLE_IDENTIFIER = com.azamsharp.GroceryAppClient;
				PRODUCT_NAME = "$(TARGET_NAME)";
				SWIFT_EMIT_LOC_STRINGS = YES;
				SWIFT_VERSION = 5.0;
				TARGETED_DEVICE_FAMILY = "1,2";
			};
			name = Release;
		};
/* End XCBuildConfiguration section */

/* Begin XCConfigurationList section */
		8DD94ACE29F56A8700232EBF /* Build configuration list for PBXProject "GroceryAppClient" */ = {
			isa = XCConfigurationList;
			buildConfigurations = (
				8DD94ADF29F56A8800232EBF /* Debug */,
				8DD94AE029F56A8800232EBF /* Release */,
			);
			defaultConfigurationIsVisible = 0;
			defaultConfigurationName = Release;
		};
		8DD94AE129F56A8800232EBF /* Build configuration list for PBXNativeTarget "GroceryAppClient" */ = {
			isa = XCConfigurationList;
			buildConfigurations = (
				8DD94AE229F56A8800232EBF /* Debug */,
				8DD94AE329F56A8800232EBF /* Release */,
			);
			defaultConfigurationIsVisible = 0;
			defaultConfigurationName = Release;
		};
/* End XCConfigurationList section */
	};
	rootObject = 8DD94ACB29F56A8600232EBF /* Project object */;
}
